
Microsoft Visual Studio Solution File, Format Version 12.00
# Visual Studio Version 17
VisualStudioVersion = 17.0.31903.59
MinimumVisualStudioVersion = 10.0.40219.1
Project("{FAE04EC0-301F-11D3-BF4B-00C04F79EFBC}") = "webAPI", "webAPI\webAPI.csproj", "{BB3940C6-3A6D-4FF3-AB4C-7C16B8860211}"
EndProject
Global
	GlobalSection(SolutionConfigurationPlatforms) = preSolution
		Debug|Any CPU = Debug|Any CPU
		Debug|x64 = Debug|x64
		Debug|x86 = Debug|x86
		Release|Any CPU = Release|Any CPU
		Release|x64 = Release|x64
		Release|x86 = Release|x86
	EndGlobalSection
	GlobalSection(ProjectConfigurationPlatforms) = postSolution
		{BB3940C6-3A6D-4FF3-AB4C-7C16B8860211}.Debug|Any CPU.ActiveCfg = Debug|Any CPU
		{BB3940C6-3A6D-4FF3-AB4C-7C16B8860211}.Debug|Any CPU.Build.0 = Debug|Any CPU
		{BB3940C6-3A6D-4FF3-AB4C-7C16B8860211}.Debug|x64.ActiveCfg = Debug|Any CPU
		{BB3940C6-3A6D-4FF3-AB4C-7C16B8860211}.Debug|x64.Build.0 = Debug|Any CPU
		{BB3940C6-3A6D-4FF3-AB4C-7C16B8860211}.Debug|x86.ActiveCfg = Debug|Any CPU
		{BB3940C6-3A6D-4FF3-AB4C-7C16B8860211}.Debug|x86.Build.0 = Debug|Any CPU
		{BB3940C6-3A6D-4FF3-AB4C-7C16B8860211}.Release|Any CPU.ActiveCfg = Release|Any CPU
		{BB3940C6-3A6D-4FF3-AB4C-7C16B8860211}.Release|Any CPU.Build.0 = Release|Any CPU
		{BB3940C6-3A6D-4FF3-AB4C-7C16B8860211}.Release|x64.ActiveCfg = Release|Any CPU
		{BB3940C6-3A6D-4FF3-AB4C-7C16B8860211}.Release|x64.Build.0 = Release|Any CPU
		{BB3940C6-3A6D-4FF3-AB4C-7C16B8860211}.Release|x86.ActiveCfg = Release|Any CPU
		{BB3940C6-3A6D-4FF3-AB4C-7C16B8860211}.Release|x86.Build.0 = Release|Any CPU
	EndGlobalSection
	GlobalSection(SolutionProperties) = preSolution
		HideSolutionNode = FALSE
	EndGlobalSection
EndGlobal
